
Microsoft Visual Studio Solution File, Format Version 12.00
# Visual Studio Version 17
VisualStudioVersion = 17.4.33110.190
MinimumVisualStudioVersion = 10.0.40219.1
Project("{FAE04EC0-301F-11D3-BF4B-00C04F79EFBC}") = "Code Graph.Project", "Code Graph.Project\Code Graph.Project.csproj", "{4ECD6025-755F-4F48-BB55-C0E6D1B96D5E}"
EndProject
Project("{FAE04EC0-301F-11D3-BF4B-00C04F79EFBC}") = "Code Graph.Elements", "Code Graph.Elements\Code Graph.Elements.csproj", "{25313536-1F19-4EB2-9F25-3B9EC24B3AD0}"
EndProject
Project("{FAE04EC0-301F-11D3-BF4B-00C04F79EFBC}") = "Code Graph", "Code Graph\Code Graph.csproj", "{F554AD94-FBB2-4429-B2D9-443EA46880D6}"
EndProject
Project("{2150E333-8FDC-42A3-9474-1A3956D46DE8}") = "Root", "Root", "{4770B6C7-7ED2-48DC-A2C6-7A3A11F5B247}"
	ProjectSection(SolutionItems) = preProject
		LICENSE = LICENSE
		README-EN.md = README-EN.md
		README-ZH.md = README-ZH.md
		README.md = README.md
	EndProjectSection
EndProject
Global
	GlobalSection(SolutionConfigurationPlatforms) = preSolution
		Debug|Any CPU = Debug|Any CPU
		Debug|ARM = Debug|ARM
		Debug|ARM64 = Debug|ARM64
		Debug|x64 = Debug|x64
		Debug|x86 = Debug|x86
		Release|Any CPU = Release|Any CPU
		Release|ARM = Release|ARM
		Release|ARM64 = Release|ARM64
		Release|x64 = Release|x64
		Release|x86 = Release|x86
	EndGlobalSection
	GlobalSection(ProjectConfigurationPlatforms) = postSolution
		{4ECD6025-755F-4F48-BB55-C0E6D1B96D5E}.Debug|Any CPU.ActiveCfg = Debug|Any CPU
		{4ECD6025-755F-4F48-BB55-C0E6D1B96D5E}.Debug|Any CPU.Build.0 = Debug|Any CPU
		{4ECD6025-755F-4F48-BB55-C0E6D1B96D5E}.Debug|ARM.ActiveCfg = Debug|ARM
		{4ECD6025-755F-4F48-BB55-C0E6D1B96D5E}.Debug|ARM.Build.0 = Debug|ARM
		{4ECD6025-755F-4F48-BB55-C0E6D1B96D5E}.Debug|ARM64.ActiveCfg = Debug|ARM64
		{4ECD6025-755F-4F48-BB55-C0E6D1B96D5E}.Debug|ARM64.Build.0 = Debug|ARM64
		{4ECD6025-755F-4F48-BB55-C0E6D1B96D5E}.Debug|x64.ActiveCfg = Debug|x64
		{4ECD6025-755F-4F48-BB55-C0E6D1B96D5E}.Debug|x64.Build.0 = Debug|x64
		{4ECD6025-755F-4F48-BB55-C0E6D1B96D5E}.Debug|x86.ActiveCfg = Debug|x86
		{4ECD6025-755F-4F48-BB55-C0E6D1B96D5E}.Debug|x86.Build.0 = Debug|x86
		{4ECD6025-755F-4F48-BB55-C0E6D1B96D5E}.Release|Any CPU.ActiveCfg = Release|Any CPU
		{4ECD6025-755F-4F48-BB55-C0E6D1B96D5E}.Release|Any CPU.Build.0 = Release|Any CPU
		{4ECD6025-755F-4F48-BB55-C0E6D1B96D5E}.Release|ARM.ActiveCfg = Release|ARM
		{4ECD6025-755F-4F48-BB55-C0E6D1B96D5E}.Release|ARM.Build.0 = Release|ARM
		{4ECD6025-755F-4F48-BB55-C0E6D1B96D5E}.Release|ARM64.ActiveCfg = Release|ARM64
		{4ECD6025-755F-4F48-BB55-C0E6D1B96D5E}.Release|ARM64.Build.0 = Release|ARM64
		{4ECD6025-755F-4F48-BB55-C0E6D1B96D5E}.Release|x64.ActiveCfg = Release|x64
		{4ECD6025-755F-4F48-BB55-C0E6D1B96D5E}.Release|x64.Build.0 = Release|x64
		{4ECD6025-755F-4F48-BB55-C0E6D1B96D5E}.Release|x86.ActiveCfg = Release|x86
		{4ECD6025-755F-4F48-BB55-C0E6D1B96D5E}.Release|x86.Build.0 = Release|x86
		{25313536-1F19-4EB2-9F25-3B9EC24B3AD0}.Debug|Any CPU.ActiveCfg = Debug|Any CPU
		{25313536-1F19-4EB2-9F25-3B9EC24B3AD0}.Debug|Any CPU.Build.0 = Debug|Any CPU
		{25313536-1F19-4EB2-9F25-3B9EC24B3AD0}.Debug|ARM.ActiveCfg = Debug|ARM
		{25313536-1F19-4EB2-9F25-3B9EC24B3AD0}.Debug|ARM.Build.0 = Debug|ARM
		{25313536-1F19-4EB2-9F25-3B9EC24B3AD0}.Debug|ARM64.ActiveCfg = Debug|ARM64
		{25313536-1F19-4EB2-9F25-3B9EC24B3AD0}.Debug|ARM64.Build.0 = Debug|ARM64
		{25313536-1F19-4EB2-9F25-3B9EC24B3AD0}.Debug|x64.ActiveCfg = Debug|x64
		{25313536-1F19-4EB2-9F25-3B9EC24B3AD0}.Debug|x64.Build.0 = Debug|x64
		{25313536-1F19-4EB2-9F25-3B9EC24B3AD0}.Debug|x86.ActiveCfg = Debug|x86
		{25313536-1F19-4EB2-9F25-3B9EC24B3AD0}.Debug|x86.Build.0 = Debug|x86
		{25313536-1F19-4EB2-9F25-3B9EC24B3AD0}.Release|Any CPU.ActiveCfg = Release|Any CPU
		{25313536-1F19-4EB2-9F25-3B9EC24B3AD0}.Release|Any CPU.Build.0 = Release|Any CPU
		{25313536-1F19-4EB2-9F25-3B9EC24B3AD0}.Release|ARM.ActiveCfg = Release|ARM
		{25313536-1F19-4EB2-9F25-3B9EC24B3AD0}.Release|ARM.Build.0 = Release|ARM
		{25313536-1F19-4EB2-9F25-3B9EC24B3AD0}.Release|ARM64.ActiveCfg = Release|ARM64
		{25313536-1F19-4EB2-9F25-3B9EC24B3AD0}.Release|ARM64.Build.0 = Release|ARM64
		{25313536-1F19-4EB2-9F25-3B9EC24B3AD0}.Release|x64.ActiveCfg = Release|x64
		{25313536-1F19-4EB2-9F25-3B9EC24B3AD0}.Release|x64.Build.0 = Release|x64
		{25313536-1F19-4EB2-9F25-3B9EC24B3AD0}.Release|x86.ActiveCfg = Release|x86
		{25313536-1F19-4EB2-9F25-3B9EC24B3AD0}.Release|x86.Build.0 = Release|x86
		{F554AD94-FBB2-4429-B2D9-443EA46880D6}.Debug|Any CPU.ActiveCfg = Debug|x64
		{F554AD94-FBB2-4429-B2D9-443EA46880D6}.Debug|Any CPU.Build.0 = Debug|x64
		{F554AD94-FBB2-4429-B2D9-443EA46880D6}.Debug|Any CPU.Deploy.0 = Debug|x64
		{F554AD94-FBB2-4429-B2D9-443EA46880D6}.Debug|ARM.ActiveCfg = Debug|ARM
		{F554AD94-FBB2-4429-B2D9-443EA46880D6}.Debug|ARM.Build.0 = Debug|ARM
		{F554AD94-FBB2-4429-B2D9-443EA46880D6}.Debug|ARM.Deploy.0 = Debug|ARM
		{F554AD94-FBB2-4429-B2D9-443EA46880D6}.Debug|ARM64.ActiveCfg = Debug|ARM64
		{F554AD94-FBB2-4429-B2D9-443EA46880D6}.Debug|ARM64.Build.0 = Debug|ARM64
		{F554AD94-FBB2-4429-B2D9-443EA46880D6}.Debug|ARM64.Deploy.0 = Debug|ARM64
		{F554AD94-FBB2-4429-B2D9-443EA46880D6}.Debug|x64.ActiveCfg = Debug|x64
		{F554AD94-FBB2-4429-B2D9-443EA46880D6}.Debug|x64.Build.0 = Debug|x64
		{F554AD94-FBB2-4429-B2D9-443EA46880D6}.Debug|x64.Deploy.0 = Debug|x64
		{F554AD94-FBB2-4429-B2D9-443EA46880D6}.Debug|x86.ActiveCfg = Debug|x86
		{F554AD94-FBB2-4429-B2D9-443EA46880D6}.Debug|x86.Build.0 = Debug|x86
		{F554AD94-FBB2-4429-B2D9-443EA46880D6}.Debug|x86.Deploy.0 = Debug|x86
		{F554AD94-FBB2-4429-B2D9-443EA46880D6}.Release|Any CPU.ActiveCfg = Release|x64
		{F554AD94-FBB2-4429-B2D9-443EA46880D6}.Release|Any CPU.Build.0 = Release|x64
		{F554AD94-FBB2-4429-B2D9-443EA46880D6}.Release|Any CPU.Deploy.0 = Release|x64
		{F554AD94-FBB2-4429-B2D9-443EA46880D6}.Release|ARM.ActiveCfg = Release|ARM
		{F554AD94-FBB2-4429-B2D9-443EA46880D6}.Release|ARM.Build.0 = Release|ARM
		{F554AD94-FBB2-4429-B2D9-443EA46880D6}.Release|ARM.Deploy.0 = Release|ARM
		{F554AD94-FBB2-4429-B2D9-443EA46880D6}.Release|ARM64.ActiveCfg = Release|ARM64
		{F554AD94-FBB2-4429-B2D9-443EA46880D6}.Release|ARM64.Build.0 = Release|ARM64
		{F554AD94-FBB2-4429-B2D9-443EA46880D6}.Release|ARM64.Deploy.0 = Release|ARM64
		{F554AD94-FBB2-4429-B2D9-443EA46880D6}.Release|x64.ActiveCfg = Release|x64
		{F554AD94-FBB2-4429-B2D9-443EA46880D6}.Release|x64.Build.0 = Release|x64
		{F554AD94-FBB2-4429-B2D9-443EA46880D6}.Release|x64.Deploy.0 = Release|x64
		{F554AD94-FBB2-4429-B2D9-443EA46880D6}.Release|x86.ActiveCfg = Release|x86
		{F554AD94-FBB2-4429-B2D9-443EA46880D6}.Release|x86.Build.0 = Release|x86
		{F554AD94-FBB2-4429-B2D9-443EA46880D6}.Release|x86.Deploy.0 = Release|x86
	EndGlobalSection
	GlobalSection(SolutionProperties) = preSolution
		HideSolutionNode = FALSE
	EndGlobalSection
	GlobalSection(ExtensibilityGlobals) = postSolution
		SolutionGuid = {4E112724-6407-4FDC-8C44-F8B01284A09E}
	EndGlobalSection
EndGlobal
